
Microsoft Visual Studio Solution File, Format Version 12.00
# Visual Studio Version 17
VisualStudioVersion = 17.14.36408.4 d17.14
MinimumVisualStudioVersion = 10.0.40219.1
Project("{FAE04EC0-301F-11D3-BF4B-00C04F79EFBC}") = "PPT-Juego-Servidor", "PPT-Juego-Servidor.csproj", "{83655795-2012-46F2-BEC7-4A9D2551E7DD}"
EndProject
Global
	GlobalSection(SolutionConfigurationPlatforms) = preSolution
		Debug|Any CPU = Debug|Any CPU
		Release|Any CPU = Release|Any CPU
	EndGlobalSection
	GlobalSection(ProjectConfigurationPlatforms) = postSolution
		{83655795-2012-46F2-BEC7-4A9D2551E7DD}.Debug|Any CPU.ActiveCfg = Debug|Any CPU
		{83655795-2012-46F2-BEC7-4A9D2551E7DD}.Debug|Any CPU.Build.0 = Debug|Any CPU
		{83655795-2012-46F2-BEC7-4A9D2551E7DD}.Release|Any CPU.ActiveCfg = Release|Any CPU
		{83655795-2012-46F2-BEC7-4A9D2551E7DD}.Release|Any CPU.Build.0 = Release|Any CPU
	EndGlobalSection
	GlobalSection(SolutionProperties) = preSolution
		HideSolutionNode = FALSE
	EndGlobalSection
	GlobalSection(ExtensibilityGlobals) = postSolution
		SolutionGuid = {36F795FD-0C7D-4EC3-B676-3DF54673695D}
	EndGlobalSection
EndGlobal
